
Microsoft Visual Studio Solution File, Format Version 12.00
# Visual Studio 14
VisualStudioVersion = 14.0.25420.1
MinimumVisualStudioVersion = 10.0.40219.1
Project("{FAE04EC0-301F-11D3-BF4B-00C04F79EFBC}") = "FFMpeg.Xamarin", "FFMpeg.Xamarin\FFMpeg.Xamarin.csproj", "{1049745B-3D4C-4DFF-AD8B-DC46F460B5D4}"
EndProject
Project("{2150E333-8FDC-42A3-9474-1A3956D46DE8}") = "Solution Items", "Solution Items", "{A2C28ED0-0741-4CDE-B9FA-604C145DE4D9}"
	ProjectSection(SolutionItems) = preProject
		README.md = README.md
		binary\version.json = binary\version.json
	EndProjectSection
EndProject
Project("{FAE04EC0-301F-11D3-BF4B-00C04F79EFBC}") = "Xamarin.MP4Transcoder", "Xamarin.MP4Transcoder\Xamarin.MP4Transcoder.csproj", "{EE8D8C15-947E-4227-BABB-35A4A4A1789A}"
EndProject
Project("{FAE04EC0-301F-11D3-BF4B-00C04F79EFBC}") = "Xamarin.MP4Transcoder.Nuget", "MP4Transcoder.Nuget\Xamarin.MP4Transcoder.Nuget\Xamarin.MP4Transcoder.Nuget.csproj", "{9DF8D7C3-9C0E-4014-B44A-A723F4C56ADE}"
	ProjectSection(ProjectDependencies) = postProject
		{EE8D8C15-947E-4227-BABB-35A4A4A1789A} = {EE8D8C15-947E-4227-BABB-35A4A4A1789A}
	EndProjectSection
EndProject
Global
	GlobalSection(SolutionConfigurationPlatforms) = preSolution
		Debug|Any CPU = Debug|Any CPU
		Release|Any CPU = Release|Any CPU
	EndGlobalSection
	GlobalSection(ProjectConfigurationPlatforms) = postSolution
		{0451BAEF-DF2E-4B98-8644-94EE9415E389}.Debug|Any CPU.ActiveCfg = Debug|Any CPU
		{0451BAEF-DF2E-4B98-8644-94EE9415E389}.Debug|Any CPU.Build.0 = Debug|Any CPU
		{0451BAEF-DF2E-4B98-8644-94EE9415E389}.Release|Any CPU.ActiveCfg = Release|Any CPU
		{0451BAEF-DF2E-4B98-8644-94EE9415E389}.Release|Any CPU.Build.0 = Release|Any CPU
		{1049745B-3D4C-4DFF-AD8B-DC46F460B5D4}.Debug|Any CPU.ActiveCfg = Debug|Any CPU
		{1049745B-3D4C-4DFF-AD8B-DC46F460B5D4}.Debug|Any CPU.Build.0 = Debug|Any CPU
		{1049745B-3D4C-4DFF-AD8B-DC46F460B5D4}.Release|Any CPU.ActiveCfg = Release|Any CPU
		{1049745B-3D4C-4DFF-AD8B-DC46F460B5D4}.Release|Any CPU.Build.0 = Release|Any CPU
		{EE8D8C15-947E-4227-BABB-35A4A4A1789A}.Debug|Any CPU.ActiveCfg = Debug|Any CPU
		{EE8D8C15-947E-4227-BABB-35A4A4A1789A}.Debug|Any CPU.Build.0 = Debug|Any CPU
		{EE8D8C15-947E-4227-BABB-35A4A4A1789A}.Release|Any CPU.ActiveCfg = Release|Any CPU
		{EE8D8C15-947E-4227-BABB-35A4A4A1789A}.Release|Any CPU.Build.0 = Release|Any CPU
		{9DF8D7C3-9C0E-4014-B44A-A723F4C56ADE}.Debug|Any CPU.ActiveCfg = Debug|Any CPU
		{9DF8D7C3-9C0E-4014-B44A-A723F4C56ADE}.Debug|Any CPU.Build.0 = Debug|Any CPU
		{9DF8D7C3-9C0E-4014-B44A-A723F4C56ADE}.Release|Any CPU.ActiveCfg = Release|Any CPU
		{9DF8D7C3-9C0E-4014-B44A-A723F4C56ADE}.Release|Any CPU.Build.0 = Release|Any CPU
	EndGlobalSection
	GlobalSection(SolutionProperties) = preSolution
		HideSolutionNode = FALSE
	EndGlobalSection
EndGlobal
